
Microsoft Visual Studio Solution File, Format Version 12.00
Project("{FAE04EC0-301F-11D3-BF4B-00C04F79EFBC}") = "250315_rider_ControllersExample", "250315_rider_ControllersExample\250315_rider_ControllersExample.csproj", "{D2EA0ECD-35F5-42E0-A0E6-2C85D8A304FC}"
EndProject
Global
	GlobalSection(SolutionConfigurationPlatforms) = preSolution
		Debug|Any CPU = Debug|Any CPU
		Release|Any CPU = Release|Any CPU
	EndGlobalSection
	GlobalSection(ProjectConfigurationPlatforms) = postSolution
		{D2EA0ECD-35F5-42E0-A0E6-2C85D8A304FC}.Debug|Any CPU.ActiveCfg = Debug|Any CPU
		{D2EA0ECD-35F5-42E0-A0E6-2C85D8A304FC}.Debug|Any CPU.Build.0 = Debug|Any CPU
		{D2EA0ECD-35F5-42E0-A0E6-2C85D8A304FC}.Release|Any CPU.ActiveCfg = Release|Any CPU
		{D2EA0ECD-35F5-42E0-A0E6-2C85D8A304FC}.Release|Any CPU.Build.0 = Release|Any CPU
	EndGlobalSection
EndGlobal
