
Microsoft Visual Studio Solution File, Format Version 12.00
Project("{FAE04EC0-301F-11D3-BF4B-00C04F79EFBC}") = "ModelValidationsExample", "ModelValidationsExample\ModelValidationsExample.csproj", "{FE81DD4B-622B-4EEE-A238-5B0B75C97BBB}"
EndProject
Global
	GlobalSection(SolutionConfigurationPlatforms) = preSolution
		Debug|Any CPU = Debug|Any CPU
		Release|Any CPU = Release|Any CPU
	EndGlobalSection
	GlobalSection(ProjectConfigurationPlatforms) = postSolution
		{FE81DD4B-622B-4EEE-A238-5B0B75C97BBB}.Debug|Any CPU.ActiveCfg = Debug|Any CPU
		{FE81DD4B-622B-4EEE-A238-5B0B75C97BBB}.Debug|Any CPU.Build.0 = Debug|Any CPU
		{FE81DD4B-622B-4EEE-A238-5B0B75C97BBB}.Release|Any CPU.ActiveCfg = Release|Any CPU
		{FE81DD4B-622B-4EEE-A238-5B0B75C97BBB}.Release|Any CPU.Build.0 = Release|Any CPU
	EndGlobalSection
EndGlobal
